
Microsoft Visual Studio Solution File, Format Version 12.00
# Visual Studio Version 17
VisualStudioVersion = 17.8.34330.188
MinimumVisualStudioVersion = 10.0.40219.1
Project("{FAE04EC0-301F-11D3-BF4B-00C04F79EFBC}") = "Task3", "Task3.csproj", "{0865207A-C11E-4B6C-A1B8-C09D4F1C710B}"
EndProject
Global
	GlobalSection(SolutionConfigurationPlatforms) = preSolution
		Debug|Any CPU = Debug|Any CPU
		Release|Any CPU = Release|Any CPU
	EndGlobalSection
	GlobalSection(ProjectConfigurationPlatforms) = postSolution
		{0865207A-C11E-4B6C-A1B8-C09D4F1C710B}.Debug|Any CPU.ActiveCfg = Debug|Any CPU
		{0865207A-C11E-4B6C-A1B8-C09D4F1C710B}.Debug|Any CPU.Build.0 = Debug|Any CPU
		{0865207A-C11E-4B6C-A1B8-C09D4F1C710B}.Release|Any CPU.ActiveCfg = Release|Any CPU
		{0865207A-C11E-4B6C-A1B8-C09D4F1C710B}.Release|Any CPU.Build.0 = Release|Any CPU
	EndGlobalSection
	GlobalSection(SolutionProperties) = preSolution
		HideSolutionNode = FALSE
	EndGlobalSection
	GlobalSection(ExtensibilityGlobals) = postSolution
		SolutionGuid = {D7947A6F-3E59-4D98-99F7-E58FF6E5A2AA}
	EndGlobalSection
EndGlobal
